
Microsoft Visual Studio Solution File, Format Version 12.00
# Visual Studio Version 16
VisualStudioVersion = 16.0.29424.173
MinimumVisualStudioVersion = 10.0.40219.1
Project("{9A19103F-16F7-4668-BE54-9A1E7A4F7556}") = "SampleAPI", "SampleAPI\SampleAPI.csproj", "{78CF1A73-C92B-4797-8F45-4A959B39AEB5}"
EndProject
Project("{9A19103F-16F7-4668-BE54-9A1E7A4F7556}") = "Service", "Service\Service.csproj", "{F8DB8BCE-09B8-4A64-BF16-863BF628269B}"
EndProject
Project("{9A19103F-16F7-4668-BE54-9A1E7A4F7556}") = "Data", "Data\Data.csproj", "{E7C85B50-84F6-4071-8267-28DA65AD5DD8}"
EndProject
Project("{2150E333-8FDC-42A3-9474-1A3956D46DE8}") = "Merchant", "Merchant", "{810EB902-D233-4BBD-B67A-657DAE729C17}"
EndProject
Project("{9A19103F-16F7-4668-BE54-9A1E7A4F7556}") = "MerchantService", "Merchant\MerchantService\MerchantService.csproj", "{98B0DC36-2E4E-444E-A2F9-BF34639D679E}"
EndProject
Project("{9A19103F-16F7-4668-BE54-9A1E7A4F7556}") = "MerchantData", "Merchant\MerchantData\MerchantData.csproj", "{D197DBE4-AE32-42A9-BE82-7BA04BD8CB7B}"
EndProject
Project("{9A19103F-16F7-4668-BE54-9A1E7A4F7556}") = "MerchantAbstraction", "Merchant\MerchantAbstraction\MerchantAbstraction.csproj", "{263C20E1-9715-4FC0-B889-69BF5D3D009B}"
EndProject
Project("{9A19103F-16F7-4668-BE54-9A1E7A4F7556}") = "MerchantApi", "Merchant\MerchantApi\MerchantApi.csproj", "{C4886832-11FB-4F6D-9E9B-F999D565516A}"
EndProject
Project("{2150E333-8FDC-42A3-9474-1A3956D46DE8}") = "Tests", "Tests", "{DB275FF6-44F2-4B18-BD75-B1D73E66267D}"
EndProject
Project("{9A19103F-16F7-4668-BE54-9A1E7A4F7556}") = "MerchantTests", "Merchant\MerchantTests\MerchantTests.csproj", "{086D8EF0-1A69-4681-8839-6D4604FA76C3}"
EndProject
Project("{2150E333-8FDC-42A3-9474-1A3956D46DE8}") = "LookUp", "LookUp", "{6393BCDF-A714-4C46-A26B-20559C798D8F}"
EndProject
Project("{9A19103F-16F7-4668-BE54-9A1E7A4F7556}") = "LookUpApi", "LookUp\LookUpApi\LookUpApi.csproj", "{4F29E173-9810-402B-BCBE-0DA489A5A26E}"
EndProject
Project("{9A19103F-16F7-4668-BE54-9A1E7A4F7556}") = "LookUpData", "LookUp\LookUpData\LookUpData.csproj", "{6400554B-FF7B-4007-9002-1B0FC237C03F}"
EndProject
Project("{9A19103F-16F7-4668-BE54-9A1E7A4F7556}") = "LookUpService", "LookUp\LookUpService\LookUpService.csproj", "{32FBF967-404C-4C78-A55F-9687E6D8BDD4}"
EndProject
Project("{2150E333-8FDC-42A3-9474-1A3956D46DE8}") = "Location", "Location", "{91EA849A-A48E-42DC-8AD7-5C194D884709}"
EndProject
Project("{9A19103F-16F7-4668-BE54-9A1E7A4F7556}") = "LocationAPI", "Location\LocationAPI\LocationAPI.csproj", "{10B6CD46-E26A-4E3D-9C47-FE394C3811E2}"
EndProject
Project("{9A19103F-16F7-4668-BE54-9A1E7A4F7556}") = "LocationData", "Location\LocationData\LocationData.csproj", "{DB5868A3-512C-422F-8AD8-4CEE7B817AD7}"
EndProject
Project("{9A19103F-16F7-4668-BE54-9A1E7A4F7556}") = "LocationService", "Location\LocationService\LocationService.csproj", "{C671C13F-6A91-48B6-B786-A6E9A2EB8984}"
EndProject
Project("{9A19103F-16F7-4668-BE54-9A1E7A4F7556}") = "LocationAbstraction", "Location\LocationAbstraction\LocationAbstraction.csproj", "{D7030A94-090A-43D2-A665-88DDB4A0E03A}"
EndProject
Project("{2150E333-8FDC-42A3-9474-1A3956D46DE8}") = "Customer", "Customer", "{0A227EE9-9FAF-4095-8FA6-BBA91E3C30DD}"
EndProject
Project("{9A19103F-16F7-4668-BE54-9A1E7A4F7556}") = "CustomerAPI", "Customer\CustomerAPI\CustomerAPI.csproj", "{DB393B30-6BD2-4072-9018-323B57DEA642}"
EndProject
Project("{9A19103F-16F7-4668-BE54-9A1E7A4F7556}") = "CustomerData", "Customer\CustomerData\CustomerData.csproj", "{4478B156-E051-4C46-86F6-1FFF74905561}"
EndProject
Project("{9A19103F-16F7-4668-BE54-9A1E7A4F7556}") = "CustomerService", "Customer\CustomerService\CustomerService.csproj", "{85A83AB5-9AB3-4200-BD4C-39A73F5232EC}"
EndProject
Project("{9A19103F-16F7-4668-BE54-9A1E7A4F7556}") = "CustomerAbstraction", "Customer\CustomerAbstraction\CustomerAbstraction.csproj", "{F23D3BE2-EDE5-499F-884D-A8EE580045C0}"
EndProject
Project("{2150E333-8FDC-42A3-9474-1A3956D46DE8}") = "Tests", "Tests", "{7DCC9F56-5422-4AF5-AD04-7D408BF80057}"
EndProject
Project("{2150E333-8FDC-42A3-9474-1A3956D46DE8}") = "Tests", "Tests", "{6328A1E0-A3F4-4BD2-8926-E1B126CAD19F}"
EndProject
Project("{9A19103F-16F7-4668-BE54-9A1E7A4F7556}") = "CustomerTests", "Customer\CustomerTests\CustomerTests.csproj", "{2892422F-3677-46EB-B3FA-B35CA3BFD030}"
EndProject
Project("{9A19103F-16F7-4668-BE54-9A1E7A4F7556}") = "LocationTests", "Location\LocationTests\LocationTests.csproj", "{B931ADAC-2264-41DC-A2B7-2B2DBD0F891A}"
EndProject
Project("{9A19103F-16F7-4668-BE54-9A1E7A4F7556}") = "LookUpAbstraction", "LookUp\LookUpAbstraction\LookUpAbstraction.csproj", "{839DABA8-073E-46A2-AE9A-F8FFD35150EB}"
EndProject
Project("{2150E333-8FDC-42A3-9474-1A3956D46DE8}") = "UserManagement", "UserManagement", "{05D9E45D-3DAE-404A-B142-656BDDBB2534}"
EndProject
Project("{9A19103F-16F7-4668-BE54-9A1E7A4F7556}") = "IdentityServer", "UserManagement\IdentityServer\IdentityServer.csproj", "{9F72464A-DF0D-4630-AD46-210838B74F19}"
EndProject
Global
	GlobalSection(SolutionConfigurationPlatforms) = preSolution
		Debug|Any CPU = Debug|Any CPU
		Release|Any CPU = Release|Any CPU
	EndGlobalSection
	GlobalSection(ProjectConfigurationPlatforms) = postSolution
		{78CF1A73-C92B-4797-8F45-4A959B39AEB5}.Debug|Any CPU.ActiveCfg = Debug|Any CPU
		{78CF1A73-C92B-4797-8F45-4A959B39AEB5}.Debug|Any CPU.Build.0 = Debug|Any CPU
		{78CF1A73-C92B-4797-8F45-4A959B39AEB5}.Release|Any CPU.ActiveCfg = Release|Any CPU
		{78CF1A73-C92B-4797-8F45-4A959B39AEB5}.Release|Any CPU.Build.0 = Release|Any CPU
		{F8DB8BCE-09B8-4A64-BF16-863BF628269B}.Debug|Any CPU.ActiveCfg = Debug|Any CPU
		{F8DB8BCE-09B8-4A64-BF16-863BF628269B}.Debug|Any CPU.Build.0 = Debug|Any CPU
		{F8DB8BCE-09B8-4A64-BF16-863BF628269B}.Release|Any CPU.ActiveCfg = Release|Any CPU
		{F8DB8BCE-09B8-4A64-BF16-863BF628269B}.Release|Any CPU.Build.0 = Release|Any CPU
		{E7C85B50-84F6-4071-8267-28DA65AD5DD8}.Debug|Any CPU.ActiveCfg = Debug|Any CPU
		{E7C85B50-84F6-4071-8267-28DA65AD5DD8}.Debug|Any CPU.Build.0 = Debug|Any CPU
		{E7C85B50-84F6-4071-8267-28DA65AD5DD8}.Release|Any CPU.ActiveCfg = Release|Any CPU
		{E7C85B50-84F6-4071-8267-28DA65AD5DD8}.Release|Any CPU.Build.0 = Release|Any CPU
		{98B0DC36-2E4E-444E-A2F9-BF34639D679E}.Debug|Any CPU.ActiveCfg = Debug|Any CPU
		{98B0DC36-2E4E-444E-A2F9-BF34639D679E}.Debug|Any CPU.Build.0 = Debug|Any CPU
		{98B0DC36-2E4E-444E-A2F9-BF34639D679E}.Release|Any CPU.ActiveCfg = Release|Any CPU
		{98B0DC36-2E4E-444E-A2F9-BF34639D679E}.Release|Any CPU.Build.0 = Release|Any CPU
		{D197DBE4-AE32-42A9-BE82-7BA04BD8CB7B}.Debug|Any CPU.ActiveCfg = Debug|Any CPU
		{D197DBE4-AE32-42A9-BE82-7BA04BD8CB7B}.Debug|Any CPU.Build.0 = Debug|Any CPU
		{D197DBE4-AE32-42A9-BE82-7BA04BD8CB7B}.Release|Any CPU.ActiveCfg = Release|Any CPU
		{D197DBE4-AE32-42A9-BE82-7BA04BD8CB7B}.Release|Any CPU.Build.0 = Release|Any CPU
		{263C20E1-9715-4FC0-B889-69BF5D3D009B}.Debug|Any CPU.ActiveCfg = Debug|Any CPU
		{263C20E1-9715-4FC0-B889-69BF5D3D009B}.Debug|Any CPU.Build.0 = Debug|Any CPU
		{263C20E1-9715-4FC0-B889-69BF5D3D009B}.Release|Any CPU.ActiveCfg = Release|Any CPU
		{263C20E1-9715-4FC0-B889-69BF5D3D009B}.Release|Any CPU.Build.0 = Release|Any CPU
		{C4886832-11FB-4F6D-9E9B-F999D565516A}.Debug|Any CPU.ActiveCfg = Debug|Any CPU
		{C4886832-11FB-4F6D-9E9B-F999D565516A}.Debug|Any CPU.Build.0 = Debug|Any CPU
		{C4886832-11FB-4F6D-9E9B-F999D565516A}.Release|Any CPU.ActiveCfg = Release|Any CPU
		{C4886832-11FB-4F6D-9E9B-F999D565516A}.Release|Any CPU.Build.0 = Release|Any CPU
		{086D8EF0-1A69-4681-8839-6D4604FA76C3}.Debug|Any CPU.ActiveCfg = Debug|Any CPU
		{086D8EF0-1A69-4681-8839-6D4604FA76C3}.Debug|Any CPU.Build.0 = Debug|Any CPU
		{086D8EF0-1A69-4681-8839-6D4604FA76C3}.Release|Any CPU.ActiveCfg = Release|Any CPU
		{086D8EF0-1A69-4681-8839-6D4604FA76C3}.Release|Any CPU.Build.0 = Release|Any CPU
		{4F29E173-9810-402B-BCBE-0DA489A5A26E}.Debug|Any CPU.ActiveCfg = Debug|Any CPU
		{4F29E173-9810-402B-BCBE-0DA489A5A26E}.Debug|Any CPU.Build.0 = Debug|Any CPU
		{4F29E173-9810-402B-BCBE-0DA489A5A26E}.Release|Any CPU.ActiveCfg = Release|Any CPU
		{4F29E173-9810-402B-BCBE-0DA489A5A26E}.Release|Any CPU.Build.0 = Release|Any CPU
		{6400554B-FF7B-4007-9002-1B0FC237C03F}.Debug|Any CPU.ActiveCfg = Debug|Any CPU
		{6400554B-FF7B-4007-9002-1B0FC237C03F}.Debug|Any CPU.Build.0 = Debug|Any CPU
		{6400554B-FF7B-4007-9002-1B0FC237C03F}.Release|Any CPU.ActiveCfg = Release|Any CPU
		{6400554B-FF7B-4007-9002-1B0FC237C03F}.Release|Any CPU.Build.0 = Release|Any CPU
		{32FBF967-404C-4C78-A55F-9687E6D8BDD4}.Debug|Any CPU.ActiveCfg = Debug|Any CPU
		{32FBF967-404C-4C78-A55F-9687E6D8BDD4}.Debug|Any CPU.Build.0 = Debug|Any CPU
		{32FBF967-404C-4C78-A55F-9687E6D8BDD4}.Release|Any CPU.ActiveCfg = Release|Any CPU
		{32FBF967-404C-4C78-A55F-9687E6D8BDD4}.Release|Any CPU.Build.0 = Release|Any CPU
		{10B6CD46-E26A-4E3D-9C47-FE394C3811E2}.Debug|Any CPU.ActiveCfg = Debug|Any CPU
		{10B6CD46-E26A-4E3D-9C47-FE394C3811E2}.Debug|Any CPU.Build.0 = Debug|Any CPU
		{10B6CD46-E26A-4E3D-9C47-FE394C3811E2}.Release|Any CPU.ActiveCfg = Release|Any CPU
		{10B6CD46-E26A-4E3D-9C47-FE394C3811E2}.Release|Any CPU.Build.0 = Release|Any CPU
		{DB5868A3-512C-422F-8AD8-4CEE7B817AD7}.Debug|Any CPU.ActiveCfg = Debug|Any CPU
		{DB5868A3-512C-422F-8AD8-4CEE7B817AD7}.Debug|Any CPU.Build.0 = Debug|Any CPU
		{DB5868A3-512C-422F-8AD8-4CEE7B817AD7}.Release|Any CPU.ActiveCfg = Release|Any CPU
		{DB5868A3-512C-422F-8AD8-4CEE7B817AD7}.Release|Any CPU.Build.0 = Release|Any CPU
		{C671C13F-6A91-48B6-B786-A6E9A2EB8984}.Debug|Any CPU.ActiveCfg = Debug|Any CPU
		{C671C13F-6A91-48B6-B786-A6E9A2EB8984}.Debug|Any CPU.Build.0 = Debug|Any CPU
		{C671C13F-6A91-48B6-B786-A6E9A2EB8984}.Release|Any CPU.ActiveCfg = Release|Any CPU
		{C671C13F-6A91-48B6-B786-A6E9A2EB8984}.Release|Any CPU.Build.0 = Release|Any CPU
		{D7030A94-090A-43D2-A665-88DDB4A0E03A}.Debug|Any CPU.ActiveCfg = Debug|Any CPU
		{D7030A94-090A-43D2-A665-88DDB4A0E03A}.Debug|Any CPU.Build.0 = Debug|Any CPU
		{D7030A94-090A-43D2-A665-88DDB4A0E03A}.Release|Any CPU.ActiveCfg = Release|Any CPU
		{D7030A94-090A-43D2-A665-88DDB4A0E03A}.Release|Any CPU.Build.0 = Release|Any CPU
		{DB393B30-6BD2-4072-9018-323B57DEA642}.Debug|Any CPU.ActiveCfg = Debug|Any CPU
		{DB393B30-6BD2-4072-9018-323B57DEA642}.Debug|Any CPU.Build.0 = Debug|Any CPU
		{DB393B30-6BD2-4072-9018-323B57DEA642}.Release|Any CPU.ActiveCfg = Release|Any CPU
		{DB393B30-6BD2-4072-9018-323B57DEA642}.Release|Any CPU.Build.0 = Release|Any CPU
		{4478B156-E051-4C46-86F6-1FFF74905561}.Debug|Any CPU.ActiveCfg = Debug|Any CPU
		{4478B156-E051-4C46-86F6-1FFF74905561}.Debug|Any CPU.Build.0 = Debug|Any CPU
		{4478B156-E051-4C46-86F6-1FFF74905561}.Release|Any CPU.ActiveCfg = Release|Any CPU
		{4478B156-E051-4C46-86F6-1FFF74905561}.Release|Any CPU.Build.0 = Release|Any CPU
		{85A83AB5-9AB3-4200-BD4C-39A73F5232EC}.Debug|Any CPU.ActiveCfg = Debug|Any CPU
		{85A83AB5-9AB3-4200-BD4C-39A73F5232EC}.Debug|Any CPU.Build.0 = Debug|Any CPU
		{85A83AB5-9AB3-4200-BD4C-39A73F5232EC}.Release|Any CPU.ActiveCfg = Release|Any CPU
		{85A83AB5-9AB3-4200-BD4C-39A73F5232EC}.Release|Any CPU.Build.0 = Release|Any CPU
		{F23D3BE2-EDE5-499F-884D-A8EE580045C0}.Debug|Any CPU.ActiveCfg = Debug|Any CPU
		{F23D3BE2-EDE5-499F-884D-A8EE580045C0}.Debug|Any CPU.Build.0 = Debug|Any CPU
		{F23D3BE2-EDE5-499F-884D-A8EE580045C0}.Release|Any CPU.ActiveCfg = Release|Any CPU
		{F23D3BE2-EDE5-499F-884D-A8EE580045C0}.Release|Any CPU.Build.0 = Release|Any CPU
		{2892422F-3677-46EB-B3FA-B35CA3BFD030}.Debug|Any CPU.ActiveCfg = Debug|Any CPU
		{2892422F-3677-46EB-B3FA-B35CA3BFD030}.Debug|Any CPU.Build.0 = Debug|Any CPU
		{2892422F-3677-46EB-B3FA-B35CA3BFD030}.Release|Any CPU.ActiveCfg = Release|Any CPU
		{2892422F-3677-46EB-B3FA-B35CA3BFD030}.Release|Any CPU.Build.0 = Release|Any CPU
		{B931ADAC-2264-41DC-A2B7-2B2DBD0F891A}.Debug|Any CPU.ActiveCfg = Debug|Any CPU
		{B931ADAC-2264-41DC-A2B7-2B2DBD0F891A}.Debug|Any CPU.Build.0 = Debug|Any CPU
		{B931ADAC-2264-41DC-A2B7-2B2DBD0F891A}.Release|Any CPU.ActiveCfg = Release|Any CPU
		{B931ADAC-2264-41DC-A2B7-2B2DBD0F891A}.Release|Any CPU.Build.0 = Release|Any CPU
		{839DABA8-073E-46A2-AE9A-F8FFD35150EB}.Debug|Any CPU.ActiveCfg = Debug|Any CPU
		{839DABA8-073E-46A2-AE9A-F8FFD35150EB}.Debug|Any CPU.Build.0 = Debug|Any CPU
		{839DABA8-073E-46A2-AE9A-F8FFD35150EB}.Release|Any CPU.ActiveCfg = Release|Any CPU
		{839DABA8-073E-46A2-AE9A-F8FFD35150EB}.Release|Any CPU.Build.0 = Release|Any CPU
		{9F72464A-DF0D-4630-AD46-210838B74F19}.Debug|Any CPU.ActiveCfg = Debug|Any CPU
		{9F72464A-DF0D-4630-AD46-210838B74F19}.Debug|Any CPU.Build.0 = Debug|Any CPU
		{9F72464A-DF0D-4630-AD46-210838B74F19}.Release|Any CPU.ActiveCfg = Release|Any CPU
		{9F72464A-DF0D-4630-AD46-210838B74F19}.Release|Any CPU.Build.0 = Release|Any CPU
	EndGlobalSection
	GlobalSection(SolutionProperties) = preSolution
		HideSolutionNode = FALSE
	EndGlobalSection
	GlobalSection(NestedProjects) = preSolution
		{98B0DC36-2E4E-444E-A2F9-BF34639D679E} = {810EB902-D233-4BBD-B67A-657DAE729C17}
		{D197DBE4-AE32-42A9-BE82-7BA04BD8CB7B} = {810EB902-D233-4BBD-B67A-657DAE729C17}
		{263C20E1-9715-4FC0-B889-69BF5D3D009B} = {810EB902-D233-4BBD-B67A-657DAE729C17}
		{C4886832-11FB-4F6D-9E9B-F999D565516A} = {810EB902-D233-4BBD-B67A-657DAE729C17}
		{DB275FF6-44F2-4B18-BD75-B1D73E66267D} = {810EB902-D233-4BBD-B67A-657DAE729C17}
		{086D8EF0-1A69-4681-8839-6D4604FA76C3} = {DB275FF6-44F2-4B18-BD75-B1D73E66267D}
		{4F29E173-9810-402B-BCBE-0DA489A5A26E} = {6393BCDF-A714-4C46-A26B-20559C798D8F}
		{6400554B-FF7B-4007-9002-1B0FC237C03F} = {6393BCDF-A714-4C46-A26B-20559C798D8F}
		{32FBF967-404C-4C78-A55F-9687E6D8BDD4} = {6393BCDF-A714-4C46-A26B-20559C798D8F}
		{10B6CD46-E26A-4E3D-9C47-FE394C3811E2} = {91EA849A-A48E-42DC-8AD7-5C194D884709}
		{DB5868A3-512C-422F-8AD8-4CEE7B817AD7} = {91EA849A-A48E-42DC-8AD7-5C194D884709}
		{C671C13F-6A91-48B6-B786-A6E9A2EB8984} = {91EA849A-A48E-42DC-8AD7-5C194D884709}
		{D7030A94-090A-43D2-A665-88DDB4A0E03A} = {91EA849A-A48E-42DC-8AD7-5C194D884709}
		{DB393B30-6BD2-4072-9018-323B57DEA642} = {0A227EE9-9FAF-4095-8FA6-BBA91E3C30DD}
		{4478B156-E051-4C46-86F6-1FFF74905561} = {0A227EE9-9FAF-4095-8FA6-BBA91E3C30DD}
		{85A83AB5-9AB3-4200-BD4C-39A73F5232EC} = {0A227EE9-9FAF-4095-8FA6-BBA91E3C30DD}
		{F23D3BE2-EDE5-499F-884D-A8EE580045C0} = {0A227EE9-9FAF-4095-8FA6-BBA91E3C30DD}
		{7DCC9F56-5422-4AF5-AD04-7D408BF80057} = {0A227EE9-9FAF-4095-8FA6-BBA91E3C30DD}
		{6328A1E0-A3F4-4BD2-8926-E1B126CAD19F} = {91EA849A-A48E-42DC-8AD7-5C194D884709}
		{2892422F-3677-46EB-B3FA-B35CA3BFD030} = {7DCC9F56-5422-4AF5-AD04-7D408BF80057}
		{B931ADAC-2264-41DC-A2B7-2B2DBD0F891A} = {6328A1E0-A3F4-4BD2-8926-E1B126CAD19F}
		{839DABA8-073E-46A2-AE9A-F8FFD35150EB} = {6393BCDF-A714-4C46-A26B-20559C798D8F}
		{9F72464A-DF0D-4630-AD46-210838B74F19} = {05D9E45D-3DAE-404A-B142-656BDDBB2534}
	EndGlobalSection
	GlobalSection(ExtensibilityGlobals) = postSolution
		SolutionGuid = {D34A2317-F69B-4BEA-B257-51A6FF448D8C}
	EndGlobalSection
EndGlobal
